
Microsoft Visual Studio Solution File, Format Version 12.00
# Visual Studio Version 17
VisualStudioVersion = 17.10.35013.160
MinimumVisualStudioVersion = 10.0.40219.1
Project("{FAE04EC0-301F-11D3-BF4B-00C04F79EFBC}") = "PhoneNumber", "PhoneNumber\PhoneNumber.csproj", "{EA85056C-454A-416B-9CD0-64D900435ACF}"
EndProject
Global
	GlobalSection(SolutionConfigurationPlatforms) = preSolution
		Debug|Any CPU = Debug|Any CPU
		Release|Any CPU = Release|Any CPU
	EndGlobalSection
	GlobalSection(ProjectConfigurationPlatforms) = postSolution
		{EA85056C-454A-416B-9CD0-64D900435ACF}.Debug|Any CPU.ActiveCfg = Debug|Any CPU
		{EA85056C-454A-416B-9CD0-64D900435ACF}.Debug|Any CPU.Build.0 = Debug|Any CPU
		{EA85056C-454A-416B-9CD0-64D900435ACF}.Release|Any CPU.ActiveCfg = Release|Any CPU
		{EA85056C-454A-416B-9CD0-64D900435ACF}.Release|Any CPU.Build.0 = Release|Any CPU
	EndGlobalSection
	GlobalSection(SolutionProperties) = preSolution
		HideSolutionNode = FALSE
	EndGlobalSection
	GlobalSection(ExtensibilityGlobals) = postSolution
		SolutionGuid = {A489A2FB-8641-4CE1-BA4E-6331D4DD82B7}
	EndGlobalSection
EndGlobal
